
Microsoft Visual Studio Solution File, Format Version 12.00
# Visual Studio Version 16
VisualStudioVersion = 16.0.30517.126
MinimumVisualStudioVersion = 10.0.40219.1
Project("{FAE04EC0-301F-11D3-BF4B-00C04F79EFBC}") = "EpamTask2", "EpamTask2\EpamTask2.csproj", "{5D3AE3D7-5FA4-40DF-B4D3-E8FFE1484121}"
EndProject
Global
	GlobalSection(SolutionConfigurationPlatforms) = preSolution
		Debug|Any CPU = Debug|Any CPU
		Release|Any CPU = Release|Any CPU
	EndGlobalSection
	GlobalSection(ProjectConfigurationPlatforms) = postSolution
		{5D3AE3D7-5FA4-40DF-B4D3-E8FFE1484121}.Debug|Any CPU.ActiveCfg = Debug|Any CPU
		{5D3AE3D7-5FA4-40DF-B4D3-E8FFE1484121}.Debug|Any CPU.Build.0 = Debug|Any CPU
		{5D3AE3D7-5FA4-40DF-B4D3-E8FFE1484121}.Release|Any CPU.ActiveCfg = Release|Any CPU
		{5D3AE3D7-5FA4-40DF-B4D3-E8FFE1484121}.Release|Any CPU.Build.0 = Release|Any CPU
	EndGlobalSection
	GlobalSection(SolutionProperties) = preSolution
		HideSolutionNode = FALSE
	EndGlobalSection
	GlobalSection(ExtensibilityGlobals) = postSolution
		SolutionGuid = {B61DD454-B199-4E4B-90C3-7035CB49C3B4}
	EndGlobalSection
EndGlobal
